// !$*UTF8*$!
{
	archiveVersion = 1;
	classes = {
	};
	objectVersion = 46;
	objects = {

/* Begin PBXBuildFile section */
		3DED5FE9194698ED00EDBD9A /* TLSFileOutputStream.h in Headers */ = {isa = PBXBuildFile; fileRef = 3DED5FE7194698ED00EDBD9A /* TLSFileOutputStream.h */; settings = {ATTRIBUTES = (Public, ); }; };
		3DED5FEA194698ED00EDBD9A /* TLSFileOutputStream.m in Sources */ = {isa = PBXBuildFile; fileRef = 3DED5FE8194698ED00EDBD9A /* TLSFileOutputStream.m */; };
		8B31CCF31858CBC6008B0BF1 /* Foundation.framework in Frameworks */ = {isa = PBXBuildFile; fileRef = 8B31CCF21858CBC6008B0BF1 /* Foundation.framework */; };
		8B31CD021858CBC6008B0BF1 /* Foundation.framework in Frameworks */ = {isa = PBXBuildFile; fileRef = 8B31CCF21858CBC6008B0BF1 /* Foundation.framework */; };
		8B31CD1B1858CCB1008B0BF1 /* TLSLoggingService.m in Sources */ = {isa = PBXBuildFile; fileRef = 8B31CD1A1858CCB1008B0BF1 /* TLSLoggingService.m */; };
		8B31CD291858D1CF008B0BF1 /* TLSDeclarations.m in Sources */ = {isa = PBXBuildFile; fileRef = 8B31CD281858D1CF008B0BF1 /* TLSDeclarations.m */; };
		8B31CD2F1858DB9F008B0BF1 /* TLSRollingFileOutputStream.m in Sources */ = {isa = PBXBuildFile; fileRef = 8B31CD2E1858DB9F008B0BF1 /* TLSRollingFileOutputStream.m */; };
		8B31CD3A1858DC94008B0BF1 /* TLSConsoleOutputStreams.m in Sources */ = {isa = PBXBuildFile; fileRef = 8B31CD391858DC94008B0BF1 /* TLSConsoleOutputStreams.m */; };
		8B31CD3D1858DDAA008B0BF1 /* TLSCrashlyticsOutputStream.m in Sources */ = {isa = PBXBuildFile; fileRef = 8B31CD3C1858DDAA008B0BF1 /* TLSCrashlyticsOutputStream.m */; };
		8B78F2921C6311E5000194DF /* TLSLog.swift in Sources */ = {isa = PBXBuildFile; fileRef = 8B78F2911C6311E5000194DF /* TLSLog.swift */; };
		8B78F29A1C63A633000194DF /* TwitterLoggingService.framework in Frameworks */ = {isa = PBXBuildFile; fileRef = B3E9D3B819CA3D2C00C43025 /* TwitterLoggingService.framework */; };
		8B7DB1411869EC2600999DA0 /* Foundation.framework in Frameworks */ = {isa = PBXBuildFile; fileRef = 8B31CCF21858CBC6008B0BF1 /* Foundation.framework */; };
		8B7DB1431869EC2600999DA0 /* CoreGraphics.framework in Frameworks */ = {isa = PBXBuildFile; fileRef = 8B7DB1421869EC2600999DA0 /* CoreGraphics.framework */; };
		8B7DB1451869EC2600999DA0 /* UIKit.framework in Frameworks */ = {isa = PBXBuildFile; fileRef = 8B7DB1441869EC2600999DA0 /* UIKit.framework */; };
		8B7DB14B1869EC2600999DA0 /* InfoPlist.strings in Resources */ = {isa = PBXBuildFile; fileRef = 8B7DB1491869EC2600999DA0 /* InfoPlist.strings */; };
		8B7DB14D1869EC2600999DA0 /* main.m in Sources */ = {isa = PBXBuildFile; fileRef = 8B7DB14C1869EC2600999DA0 /* main.m */; };
		8B7DB1511869EC2600999DA0 /* ExampleAppDelegate.m in Sources */ = {isa = PBXBuildFile; fileRef = 8B7DB1501869EC2600999DA0 /* ExampleAppDelegate.m */; };
		8B7DB1571869EC2600999DA0 /* ExampleAppConsoleViewController.m in Sources */ = {isa = PBXBuildFile; fileRef = 8B7DB1561869EC2600999DA0 /* ExampleAppConsoleViewController.m */; };
		8B7DB15A1869EC2600999DA0 /* ExampleMakeLogsViewController.m in Sources */ = {isa = PBXBuildFile; fileRef = 8B7DB1591869EC2600999DA0 /* ExampleMakeLogsViewController.m */; };
		8B7DB15C1869EC2600999DA0 /* Images.xcassets in Resources */ = {isa = PBXBuildFile; fileRef = 8B7DB15B1869EC2600999DA0 /* Images.xcassets */; };
		8B7DB1771869EC9300999DA0 /* libTwitterLoggingService.a in Frameworks */ = {isa = PBXBuildFile; fileRef = 8B31CCEF1858CBC6008B0BF1 /* libTwitterLoggingService.a */; };
		8B7DB17A1869ED9E00999DA0 /* ExampleConfigureViewController.m in Sources */ = {isa = PBXBuildFile; fileRef = 8B7DB1791869ED9E00999DA0 /* ExampleConfigureViewController.m */; };
		8B7DB1801869EF5700999DA0 /* TLSLoggingService+ExampleAdditions.m in Sources */ = {isa = PBXBuildFile; fileRef = 8B7DB17F1869EF5700999DA0 /* TLSLoggingService+ExampleAdditions.m */; };
		8B7DB1831869F01600999DA0 /* ExampleTextView.m in Sources */ = {isa = PBXBuildFile; fileRef = 8B7DB1821869F01600999DA0 /* ExampleTextView.m */; };
		8B897CFC1863BF7600359106 /* TLSConsoleOutputStreams.h in Headers */ = {isa = PBXBuildFile; fileRef = 8B31CD381858DC94008B0BF1 /* TLSConsoleOutputStreams.h */; settings = {ATTRIBUTES = (Public, ); }; };
		8B897CFD1863BF7600359106 /* TLSCrashlyticsOutputStream.h in Headers */ = {isa = PBXBuildFile; fileRef = 8B31CD3B1858DDAA008B0BF1 /* TLSCrashlyticsOutputStream.h */; settings = {ATTRIBUTES = (Public, ); }; };
		8B897CFE1863BF7600359106 /* TLSFileOutputStream+Protected.h in Headers */ = {isa = PBXBuildFile; fileRef = 8B5C48D2185B7755004F503A /* TLSFileOutputStream+Protected.h */; settings = {ATTRIBUTES = (Public, ); }; };
		8B897CFF1863BF7600359106 /* TLSRollingFileOutputStream.h in Headers */ = {isa = PBXBuildFile; fileRef = 8B31CD2D1858DB9F008B0BF1 /* TLSRollingFileOutputStream.h */; settings = {ATTRIBUTES = (Public, ); }; };
		8B897D001863BF7600359106 /* TwitterLoggingService.h in Headers */ = {isa = PBXBuildFile; fileRef = 8B31CD1C1858CD99008B0BF1 /* TwitterLoggingService.h */; settings = {ATTRIBUTES = (Public, ); }; };
		8B897D021863BF7600359106 /* TLSLog.h in Headers */ = {isa = PBXBuildFile; fileRef = 8B31CD241858D004008B0BF1 /* TLSLog.h */; settings = {ATTRIBUTES = (Public, ); }; };
		8B897D031863BF7600359106 /* TLSLoggingService+Advanced.h in Headers */ = {isa = PBXBuildFile; fileRef = 8B31CD1D1858CF3A008B0BF1 /* TLSLoggingService+Advanced.h */; settings = {ATTRIBUTES = (Public, ); }; };
		8B897D041863BF7600359106 /* TLSLoggingService.h in Headers */ = {isa = PBXBuildFile; fileRef = 8B31CD191858CCB1008B0BF1 /* TLSLoggingService.h */; settings = {ATTRIBUTES = (Public, ); }; };
		8B897D051863BF7600359106 /* TLSDeclarations.h in Headers */ = {isa = PBXBuildFile; fileRef = 8B31CD271858D1CF008B0BF1 /* TLSDeclarations.h */; settings = {ATTRIBUTES = (Public, ); }; };
		8B897D061863BF7600359106 /* TLSProtocols.h in Headers */ = {isa = PBXBuildFile; fileRef = 8B31CD2A1858D5F2008B0BF1 /* TLSProtocols.h */; settings = {ATTRIBUTES = (Public, ); }; };
		8BA2E94E1CA4707700ADBC8E /* TLS_Project.h in Headers */ = {isa = PBXBuildFile; fileRef = 8BA2E94D1CA4707700ADBC8E /* TLS_Project.h */; };
		8BA2E94F1CA4707700ADBC8E /* TLS_Project.h in Headers */ = {isa = PBXBuildFile; fileRef = 8BA2E94D1CA4707700ADBC8E /* TLS_Project.h */; };
		8BEA3B231C73A560003CB57F /* TLSLoggingSwiftTests.swift in Sources */ = {isa = PBXBuildFile; fileRef = 8BEA3B181C73A0FF003CB57F /* TLSLoggingSwiftTests.swift */; };
		8BEA3B241C73A560003CB57F /* TLSLoggingTests.m in Sources */ = {isa = PBXBuildFile; fileRef = 8BEA3B1B1C73A0FF003CB57F /* TLSLoggingTests.m */; };
		8BEA3B261C73A638003CB57F /* TwitterLoggingService.h in Headers */ = {isa = PBXBuildFile; fileRef = 8B31CD1C1858CD99008B0BF1 /* TwitterLoggingService.h */; settings = {ATTRIBUTES = (Public, ); }; };
		B3B9E9FF1C3AEE5A00B8A451 /* module.modulemap in Headers */ = {isa = PBXBuildFile; fileRef = B3B9E9F51C3AE7AB00B8A451 /* module.modulemap */; settings = {ATTRIBUTES = (Public, ); }; };
		B3E9D3CE19CA461D00C43025 /* TLSConsoleOutputStreams.m in Sources */ = {isa = PBXBuildFile; fileRef = 8B31CD391858DC94008B0BF1 /* TLSConsoleOutputStreams.m */; };
		B3E9D3CF19CA462700C43025 /* TLSCrashlyticsOutputStream.m in Sources */ = {isa = PBXBuildFile; fileRef = 8B31CD3C1858DDAA008B0BF1 /* TLSCrashlyticsOutputStream.m */; };
		B3E9D3D019CA462B00C43025 /* TLSFileOutputStream.m in Sources */ = {isa = PBXBuildFile; fileRef = 3DED5FE8194698ED00EDBD9A /* TLSFileOutputStream.m */; };
		B3E9D3D119CA463000C43025 /* TLSRollingFileOutputStream.m in Sources */ = {isa = PBXBuildFile; fileRef = 8B31CD2E1858DB9F008B0BF1 /* TLSRollingFileOutputStream.m */; };
		B3E9D3D219CA463500C43025 /* TLSLoggingService.m in Sources */ = {isa = PBXBuildFile; fileRef = 8B31CD1A1858CCB1008B0BF1 /* TLSLoggingService.m */; };
		B3E9D3D319CA463800C43025 /* TLSDeclarations.m in Sources */ = {isa = PBXBuildFile; fileRef = 8B31CD281858D1CF008B0BF1 /* TLSDeclarations.m */; };
		B3E9D3D419CA46B800C43025 /* TLSConsoleOutputStreams.h in Headers */ = {isa = PBXBuildFile; fileRef = 8B31CD381858DC94008B0BF1 /* TLSConsoleOutputStreams.h */; settings = {ATTRIBUTES = (Public, ); }; };
		B3E9D3D519CA46BF00C43025 /* TLSCrashlyticsOutputStream.h in Headers */ = {isa = PBXBuildFile; fileRef = 8B31CD3B1858DDAA008B0BF1 /* TLSCrashlyticsOutputStream.h */; settings = {ATTRIBUTES = (Public, ); }; };
		B3E9D3D619CA46C300C43025 /* TLSFileOutputStream.h in Headers */ = {isa = PBXBuildFile; fileRef = 3DED5FE7194698ED00EDBD9A /* TLSFileOutputStream.h */; settings = {ATTRIBUTES = (Public, ); }; };
		B3E9D3D719CA46CA00C43025 /* TLSFileOutputStream+Protected.h in Headers */ = {isa = PBXBuildFile; fileRef = 8B5C48D2185B7755004F503A /* TLSFileOutputStream+Protected.h */; settings = {ATTRIBUTES = (Public, ); }; };
		B3E9D3D819CA46DC00C43025 /* TLSRollingFileOutputStream.h in Headers */ = {isa = PBXBuildFile; fileRef = 8B31CD2D1858DB9F008B0BF1 /* TLSRollingFileOutputStream.h */; settings = {ATTRIBUTES = (Public, ); }; };
		B3E9D3DA19CA46E700C43025 /* TLSLog.h in Headers */ = {isa = PBXBuildFile; fileRef = 8B31CD241858D004008B0BF1 /* TLSLog.h */; settings = {ATTRIBUTES = (Public, ); }; };
		B3E9D3DB19CA472D00C43025 /* TLSLoggingService+Advanced.h in Headers */ = {isa = PBXBuildFile; fileRef = 8B31CD1D1858CF3A008B0BF1 /* TLSLoggingService+Advanced.h */; settings = {ATTRIBUTES = (Public, ); }; };
		B3E9D3DC19CA473300C43025 /* TLSLoggingService.h in Headers */ = {isa = PBXBuildFile; fileRef = 8B31CD191858CCB1008B0BF1 /* TLSLoggingService.h */; settings = {ATTRIBUTES = (Public, ); }; };
		B3E9D3DD19CA473800C43025 /* TLSDeclarations.h in Headers */ = {isa = PBXBuildFile; fileRef = 8B31CD271858D1CF008B0BF1 /* TLSDeclarations.h */; settings = {ATTRIBUTES = (Public, ); }; };
		B3E9D3DE19CA473C00C43025 /* TLSProtocols.h in Headers */ = {isa = PBXBuildFile; fileRef = 8B31CD2A1858D5F2008B0BF1 /* TLSProtocols.h */; settings = {ATTRIBUTES = (Public, ); }; };
		BF4A9F261EE214F1001647B5 /* TwitterLoggingService.framework in Frameworks */ = {isa = PBXBuildFile; fileRef = BF4A9F1D1EE214F1001647B5 /* TwitterLoggingService.framework */; };
		BF4A9F341EE215B4001647B5 /* TLS_Project.h in Headers */ = {isa = PBXBuildFile; fileRef = 8BA2E94D1CA4707700ADBC8E /* TLS_Project.h */; };
		BF4A9F351EE215B8001647B5 /* TLSDeclarations.h in Headers */ = {isa = PBXBuildFile; fileRef = 8B31CD271858D1CF008B0BF1 /* TLSDeclarations.h */; settings = {ATTRIBUTES = (Public, ); }; };
		BF4A9F361EE215BE001647B5 /* TLSLog.h in Headers */ = {isa = PBXBuildFile; fileRef = 8B31CD241858D004008B0BF1 /* TLSLog.h */; settings = {ATTRIBUTES = (Public, ); }; };
		BF4A9F371EE215C5001647B5 /* TLSLog.swift in Sources */ = {isa = PBXBuildFile; fileRef = 8B78F2911C6311E5000194DF /* TLSLog.swift */; };
		BF4A9F381EE215C9001647B5 /* TLSLoggingService.h in Headers */ = {isa = PBXBuildFile; fileRef = 8B31CD191858CCB1008B0BF1 /* TLSLoggingService.h */; settings = {ATTRIBUTES = (Public, ); }; };
		BF4A9F391EE215D0001647B5 /* TLSLoggingService+Advanced.h in Headers */ = {isa = PBXBuildFile; fileRef = 8B31CD1D1858CF3A008B0BF1 /* TLSLoggingService+Advanced.h */; settings = {ATTRIBUTES = (Public, ); }; };
		BF4A9F3A1EE215D6001647B5 /* TLSProtocols.h in Headers */ = {isa = PBXBuildFile; fileRef = 8B31CD2A1858D5F2008B0BF1 /* TLSProtocols.h */; settings = {ATTRIBUTES = (Public, ); }; };
		BF4A9F3C1EE21720001647B5 /* TLSDeclarations.m in Sources */ = {isa = PBXBuildFile; fileRef = 8B31CD281858D1CF008B0BF1 /* TLSDeclarations.m */; };
		BF4A9F3D1EE21720001647B5 /* TLSLoggingService.m in Sources */ = {isa = PBXBuildFile; fileRef = 8B31CD1A1858CCB1008B0BF1 /* TLSLoggingService.m */; };
		BF4A9F3E1EE21737001647B5 /* TLSConsoleOutputStreams.h in Headers */ = {isa = PBXBuildFile; fileRef = 8B31CD381858DC94008B0BF1 /* TLSConsoleOutputStreams.h */; settings = {ATTRIBUTES = (Public, ); }; };
		BF4A9F3F1EE21737001647B5 /* TLSCrashlyticsOutputStream.h in Headers */ = {isa = PBXBuildFile; fileRef = 8B31CD3B1858DDAA008B0BF1 /* TLSCrashlyticsOutputStream.h */; settings = {ATTRIBUTES = (Public, ); }; };
		BF4A9F401EE21737001647B5 /* TLSFileOutputStream.h in Headers */ = {isa = PBXBuildFile; fileRef = 3DED5FE7194698ED00EDBD9A /* TLSFileOutputStream.h */; settings = {ATTRIBUTES = (Public, ); }; };
		BF4A9F411EE21737001647B5 /* TLSFileOutputStream+Protected.h in Headers */ = {isa = PBXBuildFile; fileRef = 8B5C48D2185B7755004F503A /* TLSFileOutputStream+Protected.h */; settings = {ATTRIBUTES = (Public, ); }; };
		BF4A9F421EE21737001647B5 /* TLSRollingFileOutputStream.h in Headers */ = {isa = PBXBuildFile; fileRef = 8B31CD2D1858DB9F008B0BF1 /* TLSRollingFileOutputStream.h */; settings = {ATTRIBUTES = (Public, ); }; };
		BF4A9F431EE21749001647B5 /* TLSConsoleOutputStreams.m in Sources */ = {isa = PBXBuildFile; fileRef = 8B31CD391858DC94008B0BF1 /* TLSConsoleOutputStreams.m */; };
		BF4A9F441EE21749001647B5 /* TLSCrashlyticsOutputStream.m in Sources */ = {isa = PBXBuildFile; fileRef = 8B31CD3C1858DDAA008B0BF1 /* TLSCrashlyticsOutputStream.m */; };
		BF4A9F451EE21749001647B5 /* TLSFileOutputStream.m in Sources */ = {isa = PBXBuildFile; fileRef = 3DED5FE8194698ED00EDBD9A /* TLSFileOutputStream.m */; };
		BF4A9F461EE21749001647B5 /* TLSRollingFileOutputStream.m in Sources */ = {isa = PBXBuildFile; fileRef = 8B31CD2E1858DB9F008B0BF1 /* TLSRollingFileOutputStream.m */; };
		BF4A9F471EE21DFC001647B5 /* TwitterLoggingService.h in Headers */ = {isa = PBXBuildFile; fileRef = 8B31CD1C1858CD99008B0BF1 /* TwitterLoggingService.h */; settings = {ATTRIBUTES = (Public, ); }; };
		BF4A9F481EE5F733001647B5 /* TLSLoggingSwiftTests.swift in Sources */ = {isa = PBXBuildFile; fileRef = 8BEA3B181C73A0FF003CB57F /* TLSLoggingSwiftTests.swift */; };
		BF82D3CF1EE6354B003B7B97 /* TLSLoggingTests.m in Sources */ = {isa = PBXBuildFile; fileRef = 8BEA3B1B1C73A0FF003CB57F /* TLSLoggingTests.m */; };
/* End PBXBuildFile section */

/* Begin PBXContainerItemProxy section */
		8B9C928F1CEFA9C30052BA09 /* PBXContainerItemProxy */ = {
			isa = PBXContainerItemProxy;
			containerPortal = 8B31CCE71858CBC6008B0BF1 /* Project object */;
			proxyType = 1;
			remoteGlobalIDString = 8B31CCEE1858CBC6008B0BF1;
			remoteInfo = TwitterLoggingService;
		};
		BF4A9F271EE214F1001647B5 /* PBXContainerItemProxy */ = {
			isa = PBXContainerItemProxy;
			containerPortal = 8B31CCE71858CBC6008B0BF1 /* Project object */;
			proxyType = 1;
			remoteGlobalIDString = BF4A9F1C1EE214F1001647B5;
			remoteInfo = OSXTwitterLoggingService.framework;
		};
/* End PBXContainerItemProxy section */

/* Begin PBXCopyFilesBuildPhase section */
		8B31CCED1858CBC6008B0BF1 /* CopyFiles */ = {
			isa = PBXCopyFilesBuildPhase;
			buildActionMask = 2147483647;
			dstPath = "include/$(PRODUCT_NAME)";
			dstSubfolderSpec = 16;
			files = (
			);
			runOnlyForDeploymentPostprocessing = 0;
		};
/* End PBXCopyFilesBuildPhase section */

/* Begin PBXFileReference section */
		3D82FF9B1E8DB3DC00D01B05 /* TwitterLoggingServiceTests.xcconfig */ = {isa = PBXFileReference; fileEncoding = 4; lastKnownFileType = text.xcconfig; path = TwitterLoggingServiceTests.xcconfig; sourceTree = "<group>"; };
		3D82FF9C1E8DB3DC00D01B05 /* ExampleLogger.xcconfig */ = {isa = PBXFileReference; fileEncoding = 4; lastKnownFileType = text.xcconfig; path = ExampleLogger.xcconfig; sourceTree = "<group>"; };
		3D82FF9D1E8DB3DC00D01B05 /* TwitterLoggingServiceLibrary.xcconfig */ = {isa = PBXFileReference; fileEncoding = 4; lastKnownFileType = text.xcconfig; path = TwitterLoggingServiceLibrary.xcconfig; sourceTree = "<group>"; };
		3D82FF9E1E8DB3DC00D01B05 /* TwitterLoggingService.framework.xcconfig */ = {isa = PBXFileReference; fileEncoding = 4; lastKnownFileType = text.xcconfig; path = TwitterLoggingService.framework.xcconfig; sourceTree = "<group>"; };
		3DED5FE7194698ED00EDBD9A /* TLSFileOutputStream.h */ = {isa = PBXFileReference; fileEncoding = 4; lastKnownFileType = sourcecode.c.h; name = TLSFileOutputStream.h; path = Classes/TLSFileOutputStream.h; sourceTree = SOURCE_ROOT; };
		3DED5FE8194698ED00EDBD9A /* TLSFileOutputStream.m */ = {isa = PBXFileReference; fileEncoding = 4; lastKnownFileType = sourcecode.c.objc; name = TLSFileOutputStream.m; path = Classes/TLSFileOutputStream.m; sourceTree = SOURCE_ROOT; };
		8B1464A61CB6E8480068B2D2 /* LICENSE */ = {isa = PBXFileReference; lastKnownFileType = text; path = LICENSE; sourceTree = SOURCE_ROOT; };
		8B31CCEF1858CBC6008B0BF1 /* libTwitterLoggingService.a */ = {isa = PBXFileReference; explicitFileType = archive.ar; includeInIndex = 0; path = libTwitterLoggingService.a; sourceTree = BUILT_PRODUCTS_DIR; };
		8B31CCF21858CBC6008B0BF1 /* Foundation.framework */ = {isa = PBXFileReference; lastKnownFileType = wrapper.framework; name = Foundation.framework; path = System/Library/Frameworks/Foundation.framework; sourceTree = SDKROOT; };
		8B31CCFF1858CBC6008B0BF1 /* TwitterLoggingServiceTests.xctest */ = {isa = PBXFileReference; explicitFileType = wrapper.cfbundle; includeInIndex = 0; path = TwitterLoggingServiceTests.xctest; sourceTree = BUILT_PRODUCTS_DIR; };
		8B31CD191858CCB1008B0BF1 /* TLSLoggingService.h */ = {isa = PBXFileReference; fileEncoding = 4; lastKnownFileType = sourcecode.c.h; name = TLSLoggingService.h; path = Classes/TLSLoggingService.h; sourceTree = SOURCE_ROOT; };
		8B31CD1A1858CCB1008B0BF1 /* TLSLoggingService.m */ = {isa = PBXFileReference; fileEncoding = 4; lastKnownFileType = sourcecode.c.objc; name = TLSLoggingService.m; path = Classes/TLSLoggingService.m; sourceTree = SOURCE_ROOT; };
		8B31CD1C1858CD99008B0BF1 /* TwitterLoggingService.h */ = {isa = PBXFileReference; lastKnownFileType = sourcecode.c.h; name = TwitterLoggingService.h; path = Classes/TwitterLoggingService.h; sourceTree = SOURCE_ROOT; };
		8B31CD1D1858CF3A008B0BF1 /* TLSLoggingService+Advanced.h */ = {isa = PBXFileReference; fileEncoding = 4; lastKnownFileType = sourcecode.c.h; name = "TLSLoggingService+Advanced.h"; path = "Classes/TLSLoggingService+Advanced.h"; sourceTree = SOURCE_ROOT; };
		8B31CD241858D004008B0BF1 /* TLSLog.h */ = {isa = PBXFileReference; fileEncoding = 4; lastKnownFileType = sourcecode.c.h; name = TLSLog.h; path = Classes/TLSLog.h; sourceTree = SOURCE_ROOT; };
		8B31CD271858D1CF008B0BF1 /* TLSDeclarations.h */ = {isa = PBXFileReference; fileEncoding = 4; lastKnownFileType = sourcecode.c.h; name = TLSDeclarations.h; path = Classes/TLSDeclarations.h; sourceTree = SOURCE_ROOT; };
		8B31CD281858D1CF008B0BF1 /* TLSDeclarations.m */ = {isa = PBXFileReference; fileEncoding = 4; lastKnownFileType = sourcecode.c.objc; name = TLSDeclarations.m; path = Classes/TLSDeclarations.m; sourceTree = SOURCE_ROOT; };
		8B31CD2A1858D5F2008B0BF1 /* TLSProtocols.h */ = {isa = PBXFileReference; fileEncoding = 4; lastKnownFileType = sourcecode.c.h; name = TLSProtocols.h; path = Classes/TLSProtocols.h; sourceTree = SOURCE_ROOT; };
		8B31CD2D1858DB9F008B0BF1 /* TLSRollingFileOutputStream.h */ = {isa = PBXFileReference; fileEncoding = 4; lastKnownFileType = sourcecode.c.h; name = TLSRollingFileOutputStream.h; path = Classes/TLSRollingFileOutputStream.h; sourceTree = SOURCE_ROOT; };
		8B31CD2E1858DB9F008B0BF1 /* TLSRollingFileOutputStream.m */ = {isa = PBXFileReference; fileEncoding = 4; lastKnownFileType = sourcecode.c.objc; name = TLSRollingFileOutputStream.m; path = Classes/TLSRollingFileOutputStream.m; sourceTree = SOURCE_ROOT; };
		8B31CD381858DC94008B0BF1 /* TLSConsoleOutputStreams.h */ = {isa = PBXFileReference; fileEncoding = 4; lastKnownFileType = sourcecode.c.h; name = TLSConsoleOutputStreams.h; path = Classes/TLSConsoleOutputStreams.h; sourceTree = SOURCE_ROOT; };
		8B31CD391858DC94008B0BF1 /* TLSConsoleOutputStreams.m */ = {isa = PBXFileReference; fileEncoding = 4; lastKnownFileType = sourcecode.c.objc; name = TLSConsoleOutputStreams.m; path = Classes/TLSConsoleOutputStreams.m; sourceTree = SOURCE_ROOT; };
		8B31CD3B1858DDAA008B0BF1 /* TLSCrashlyticsOutputStream.h */ = {isa = PBXFileReference; fileEncoding = 4; lastKnownFileType = sourcecode.c.h; name = TLSCrashlyticsOutputStream.h; path = Classes/TLSCrashlyticsOutputStream.h; sourceTree = SOURCE_ROOT; };
		8B31CD3C1858DDAA008B0BF1 /* TLSCrashlyticsOutputStream.m */ = {isa = PBXFileReference; fileEncoding = 4; lastKnownFileType = sourcecode.c.objc; name = TLSCrashlyticsOutputStream.m; path = Classes/TLSCrashlyticsOutputStream.m; sourceTree = SOURCE_ROOT; };
		8B5C48D2185B7755004F503A /* TLSFileOutputStream+Protected.h */ = {isa = PBXFileReference; lastKnownFileType = sourcecode.c.h; name = "TLSFileOutputStream+Protected.h"; path = "Classes/TLSFileOutputStream+Protected.h"; sourceTree = SOURCE_ROOT; };
		8B78F2911C6311E5000194DF /* TLSLog.swift */ = {isa = PBXFileReference; fileEncoding = 4; lastKnownFileType = sourcecode.swift; name = TLSLog.swift; path = Classes/TLSLog.swift; sourceTree = SOURCE_ROOT; };
		8B7DB1401869EC2600999DA0 /* ExampleLogger.app */ = {isa = PBXFileReference; explicitFileType = wrapper.application; includeInIndex = 0; path = ExampleLogger.app; sourceTree = BUILT_PRODUCTS_DIR; };
		8B7DB1421869EC2600999DA0 /* CoreGraphics.framework */ = {isa = PBXFileReference; lastKnownFileType = wrapper.framework; name = CoreGraphics.framework; path = System/Library/Frameworks/CoreGraphics.framework; sourceTree = SDKROOT; };
		8B7DB1441869EC2600999DA0 /* UIKit.framework */ = {isa = PBXFileReference; lastKnownFileType = wrapper.framework; name = UIKit.framework; path = System/Library/Frameworks/UIKit.framework; sourceTree = SDKROOT; };
		8B7DB1481869EC2600999DA0 /* ExampleLogger-Info.plist */ = {isa = PBXFileReference; lastKnownFileType = text.plist.xml; path = "ExampleLogger-Info.plist"; sourceTree = "<group>"; };
		8B7DB14A1869EC2600999DA0 /* en */ = {isa = PBXFileReference; lastKnownFileType = text.plist.strings; name = en; path = en.lproj/InfoPlist.strings; sourceTree = "<group>"; };
		8B7DB14C1869EC2600999DA0 /* main.m */ = {isa = PBXFileReference; lastKnownFileType = sourcecode.c.objc; path = main.m; sourceTree = "<group>"; };
		8B7DB14F1869EC2600999DA0 /* ExampleAppDelegate.h */ = {isa = PBXFileReference; lastKnownFileType = sourcecode.c.h; path = ExampleAppDelegate.h; sourceTree = "<group>"; };
		8B7DB1501869EC2600999DA0 /* ExampleAppDelegate.m */ = {isa = PBXFileReference; lastKnownFileType = sourcecode.c.objc; path = ExampleAppDelegate.m; sourceTree = "<group>"; };
		8B7DB1551869EC2600999DA0 /* ExampleAppConsoleViewController.h */ = {isa = PBXFileReference; lastKnownFileType = sourcecode.c.h; path = ExampleAppConsoleViewController.h; sourceTree = "<group>"; };
		8B7DB1561869EC2600999DA0 /* ExampleAppConsoleViewController.m */ = {isa = PBXFileReference; lastKnownFileType = sourcecode.c.objc; path = ExampleAppConsoleViewController.m; sourceTree = "<group>"; };
		8B7DB1581869EC2600999DA0 /* ExampleMakeLogsViewController.h */ = {isa = PBXFileReference; lastKnownFileType = sourcecode.c.h; path = ExampleMakeLogsViewController.h; sourceTree = "<group>"; };
		8B7DB1591869EC2600999DA0 /* ExampleMakeLogsViewController.m */ = {isa = PBXFileReference; lastKnownFileType = sourcecode.c.objc; path = ExampleMakeLogsViewController.m; sourceTree = "<group>"; };
		8B7DB15B1869EC2600999DA0 /* Images.xcassets */ = {isa = PBXFileReference; lastKnownFileType = folder.assetcatalog; path = Images.xcassets; sourceTree = "<group>"; };
		8B7DB1781869ED9E00999DA0 /* ExampleConfigureViewController.h */ = {isa = PBXFileReference; fileEncoding = 4; lastKnownFileType = sourcecode.c.h; path = ExampleConfigureViewController.h; sourceTree = "<group>"; };
		8B7DB1791869ED9E00999DA0 /* ExampleConfigureViewController.m */ = {isa = PBXFileReference; fileEncoding = 4; lastKnownFileType = sourcecode.c.objc; path = ExampleConfigureViewController.m; sourceTree = "<group>"; };
		8B7DB17E1869EF5700999DA0 /* TLSLoggingService+ExampleAdditions.h */ = {isa = PBXFileReference; fileEncoding = 4; lastKnownFileType = sourcecode.c.h; path = "TLSLoggingService+ExampleAdditions.h"; sourceTree = "<group>"; };
		8B7DB17F1869EF5700999DA0 /* TLSLoggingService+ExampleAdditions.m */ = {isa = PBXFileReference; fileEncoding = 4; lastKnownFileType = sourcecode.c.objc; path = "TLSLoggingService+ExampleAdditions.m"; sourceTree = "<group>"; };
		8B7DB1811869F01600999DA0 /* ExampleTextView.h */ = {isa = PBXFileReference; fileEncoding = 4; lastKnownFileType = sourcecode.c.h; path = ExampleTextView.h; sourceTree = "<group>"; };
		8B7DB1821869F01600999DA0 /* ExampleTextView.m */ = {isa = PBXFileReference; fileEncoding = 4; lastKnownFileType = sourcecode.c.objc; path = ExampleTextView.m; sourceTree = "<group>"; };
		8BA2E94D1CA4707700ADBC8E /* TLS_Project.h */ = {isa = PBXFileReference; fileEncoding = 4; lastKnownFileType = sourcecode.c.h; name = TLS_Project.h; path = Classes/TLS_Project.h; sourceTree = SOURCE_ROOT; };
		8BAE116F1CB61DC40050F16F /* CHANGELOG.md */ = {isa = PBXFileReference; lastKnownFileType = net.daringfireball.markdown; path = CHANGELOG.md; sourceTree = SOURCE_ROOT; };
		8BAE11711CB623F60050F16F /* README.md */ = {isa = PBXFileReference; lastKnownFileType = net.daringfireball.markdown; path = README.md; sourceTree = SOURCE_ROOT; };
		8BEA3B181C73A0FF003CB57F /* TLSLoggingSwiftTests.swift */ = {isa = PBXFileReference; fileEncoding = 4; lastKnownFileType = sourcecode.swift; name = TLSLoggingSwiftTests.swift; path = TwitterLoggingServiceTests/TLSLoggingSwiftTests.swift; sourceTree = SOURCE_ROOT; };
		8BEA3B191C73A0FF003CB57F /* TwitterLoggingServiceTests-Bridging-Header.h */ = {isa = PBXFileReference; fileEncoding = 4; lastKnownFileType = sourcecode.c.h; name = "TwitterLoggingServiceTests-Bridging-Header.h"; path = "TwitterLoggingServiceTests/TwitterLoggingServiceTests-Bridging-Header.h"; sourceTree = SOURCE_ROOT; };
		8BEA3B1A1C73A0FF003CB57F /* TwitterLoggingServiceTests-Info.plist */ = {isa = PBXFileReference; fileEncoding = 4; lastKnownFileType = text.plist.xml; name = "TwitterLoggingServiceTests-Info.plist"; path = "TwitterLoggingServiceTests/TwitterLoggingServiceTests-Info.plist"; sourceTree = SOURCE_ROOT; };
		8BEA3B1B1C73A0FF003CB57F /* TLSLoggingTests.m */ = {isa = PBXFileReference; fileEncoding = 4; lastKnownFileType = sourcecode.c.objc; name = TLSLoggingTests.m; path = TwitterLoggingServiceTests/TLSLoggingTests.m; sourceTree = SOURCE_ROOT; };
		8BEA3B201C73A4CD003CB57F /* Info.plist */ = {isa = PBXFileReference; fileEncoding = 4; lastKnownFileType = text.plist.xml; name = Info.plist; path = TwitterLoggingService/Info.plist; sourceTree = SOURCE_ROOT; };
		B3B9E9F51C3AE7AB00B8A451 /* module.modulemap */ = {isa = PBXFileReference; lastKnownFileType = "sourcecode.module-map"; path = module.modulemap; sourceTree = "<group>"; };
		B3E9D3B819CA3D2C00C43025 /* TwitterLoggingService.framework */ = {isa = PBXFileReference; explicitFileType = wrapper.framework; includeInIndex = 0; path = TwitterLoggingService.framework; sourceTree = BUILT_PRODUCTS_DIR; };
		BF4A9F1D1EE214F1001647B5 /* TwitterLoggingService.framework */ = {isa = PBXFileReference; explicitFileType = wrapper.framework; includeInIndex = 0; path = TwitterLoggingService.framework; sourceTree = BUILT_PRODUCTS_DIR; };
		BF4A9F251EE214F1001647B5 /* TwitterLoggingServiceTests.xctest */ = {isa = PBXFileReference; explicitFileType = wrapper.cfbundle; includeInIndex = 0; path = TwitterLoggingServiceTests.xctest; sourceTree = BUILT_PRODUCTS_DIR; };
/* End PBXFileReference section */

/* Begin PBXFrameworksBuildPhase section */
		8B31CCEC1858CBC6008B0BF1 /* Frameworks */ = {
			isa = PBXFrameworksBuildPhase;
			buildActionMask = 2147483647;
			files = (
				8B31CCF31858CBC6008B0BF1 /* Foundation.framework in Frameworks */,
			);
			runOnlyForDeploymentPostprocessing = 0;
		};
		8B31CCFC1858CBC6008B0BF1 /* Frameworks */ = {
			isa = PBXFrameworksBuildPhase;
			buildActionMask = 2147483647;
			files = (
				8B78F29A1C63A633000194DF /* TwitterLoggingService.framework in Frameworks */,
				8B31CD021858CBC6008B0BF1 /* Foundation.framework in Frameworks */,
			);
			runOnlyForDeploymentPostprocessing = 0;
		};
		8B7DB13D1869EC2600999DA0 /* Frameworks */ = {
			isa = PBXFrameworksBuildPhase;
			buildActionMask = 2147483647;
			files = (
				8B7DB1771869EC9300999DA0 /* libTwitterLoggingService.a in Frameworks */,
				8B7DB1431869EC2600999DA0 /* CoreGraphics.framework in Frameworks */,
				8B7DB1451869EC2600999DA0 /* UIKit.framework in Frameworks */,
				8B7DB1411869EC2600999DA0 /* Foundation.framework in Frameworks */,
			);
			runOnlyForDeploymentPostprocessing = 0;
		};
		B3E9D3B419CA3D2C00C43025 /* Frameworks */ = {
			isa = PBXFrameworksBuildPhase;
			buildActionMask = 2147483647;
			files = (
			);
			runOnlyForDeploymentPostprocessing = 0;
		};
		BF4A9F191EE214F1001647B5 /* Frameworks */ = {
			isa = PBXFrameworksBuildPhase;
			buildActionMask = 2147483647;
			files = (
			);
			runOnlyForDeploymentPostprocessing = 0;
		};
		BF4A9F221EE214F1001647B5 /* Frameworks */ = {
			isa = PBXFrameworksBuildPhase;
			buildActionMask = 2147483647;
			files = (
				BF4A9F261EE214F1001647B5 /* TwitterLoggingService.framework in Frameworks */,
			);
			runOnlyForDeploymentPostprocessing = 0;
		};
/* End PBXFrameworksBuildPhase section */

/* Begin PBXGroup section */
		1218040F18BFF9DB0088CE67 /* Supporting Files */ = {
			isa = PBXGroup;
			children = (
				8BAE116F1CB61DC40050F16F /* CHANGELOG.md */,
				8B1464A61CB6E8480068B2D2 /* LICENSE */,
				8BAE11711CB623F60050F16F /* README.md */,
			);
			name = "Supporting Files";
			sourceTree = "<group>";
		};
		3D82FF9A1E8DAD5400D01B05 /* Build Configurations */ = {
			isa = PBXGroup;
			children = (
				3D82FF9C1E8DB3DC00D01B05 /* ExampleLogger.xcconfig */,
				3D82FF9E1E8DB3DC00D01B05 /* TwitterLoggingService.framework.xcconfig */,
				3D82FF9B1E8DB3DC00D01B05 /* TwitterLoggingServiceTests.xcconfig */,
				3D82FF9D1E8DB3DC00D01B05 /* TwitterLoggingServiceLibrary.xcconfig */,
			);
			name = "Build Configurations";
			path = BuildConfigurations;
			sourceTree = "<group>";
		};
		8B31CCE61858CBC6008B0BF1 = {
			isa = PBXGroup;
			children = (
				B3B9E9F41C3AE77200B8A451 /* Resources */,
				8B31CCF41858CBC6008B0BF1 /* TwitterLoggingService */,
				8B31CD081858CBC6008B0BF1 /* TwitterLoggingServiceTests */,
				1218040F18BFF9DB0088CE67 /* Supporting Files */,
				8B7DB1461869EC2600999DA0 /* ExampleLogger */,
				8B31CCF11858CBC6008B0BF1 /* Frameworks */,
				8B31CCF01858CBC6008B0BF1 /* Products */,
			);
			sourceTree = "<group>";
			usesTabs = 0;
		};
		8B31CCF01858CBC6008B0BF1 /* Products */ = {
			isa = PBXGroup;
			children = (
				8B31CCEF1858CBC6008B0BF1 /* libTwitterLoggingService.a */,
				8B31CCFF1858CBC6008B0BF1 /* TwitterLoggingServiceTests.xctest */,
				8B7DB1401869EC2600999DA0 /* ExampleLogger.app */,
				B3E9D3B819CA3D2C00C43025 /* TwitterLoggingService.framework */,
				BF4A9F1D1EE214F1001647B5 /* TwitterLoggingService.framework */,
				BF4A9F251EE214F1001647B5 /* TwitterLoggingServiceTests.xctest */,
			);
			name = Products;
			sourceTree = "<group>";
		};
		8B31CCF11858CBC6008B0BF1 /* Frameworks */ = {
			isa = PBXGroup;
			children = (
				8B31CCF21858CBC6008B0BF1 /* Foundation.framework */,
				8B7DB1421869EC2600999DA0 /* CoreGraphics.framework */,
				8B7DB1441869EC2600999DA0 /* UIKit.framework */,
			);
			name = Frameworks;
			sourceTree = "<group>";
		};
		8B31CCF41858CBC6008B0BF1 /* TwitterLoggingService */ = {
			isa = PBXGroup;
			children = (
				8BEA3B1F1C73A4B6003CB57F /* Framework Support */,
				8B31CD181858CC9A008B0BF1 /* Classes */,
			);
			name = TwitterLoggingService;
			sourceTree = "<group>";
		};
		8B31CD081858CBC6008B0BF1 /* TwitterLoggingServiceTests */ = {
			isa = PBXGroup;
			children = (
				8BEA3B181C73A0FF003CB57F /* TLSLoggingSwiftTests.swift */,
				8BEA3B191C73A0FF003CB57F /* TwitterLoggingServiceTests-Bridging-Header.h */,
				8BEA3B1A1C73A0FF003CB57F /* TwitterLoggingServiceTests-Info.plist */,
				8BEA3B1B1C73A0FF003CB57F /* TLSLoggingTests.m */,
			);
			name = TwitterLoggingServiceTests;
			sourceTree = "<group>";
		};
		8B31CD181858CC9A008B0BF1 /* Classes */ = {
			isa = PBXGroup;
			children = (
				8B31CD301858DBD4008B0BF1 /* Output Streams */,
				8BA2E94D1CA4707700ADBC8E /* TLS_Project.h */,
				8B31CD271858D1CF008B0BF1 /* TLSDeclarations.h */,
				8B31CD281858D1CF008B0BF1 /* TLSDeclarations.m */,
				8B31CD241858D004008B0BF1 /* TLSLog.h */,
				8B78F2911C6311E5000194DF /* TLSLog.swift */,
				8B31CD191858CCB1008B0BF1 /* TLSLoggingService.h */,
				8B31CD1A1858CCB1008B0BF1 /* TLSLoggingService.m */,
				8B31CD1D1858CF3A008B0BF1 /* TLSLoggingService+Advanced.h */,
				8B31CD2A1858D5F2008B0BF1 /* TLSProtocols.h */,
				8B31CD1C1858CD99008B0BF1 /* TwitterLoggingService.h */,
			);
			name = Classes;
			sourceTree = "<group>";
		};
		8B31CD301858DBD4008B0BF1 /* Output Streams */ = {
			isa = PBXGroup;
			children = (
				8B31CD381858DC94008B0BF1 /* TLSConsoleOutputStreams.h */,
				8B31CD391858DC94008B0BF1 /* TLSConsoleOutputStreams.m */,
				8B31CD3B1858DDAA008B0BF1 /* TLSCrashlyticsOutputStream.h */,
				8B31CD3C1858DDAA008B0BF1 /* TLSCrashlyticsOutputStream.m */,
				3DED5FE7194698ED00EDBD9A /* TLSFileOutputStream.h */,
				3DED5FE8194698ED00EDBD9A /* TLSFileOutputStream.m */,
				8B5C48D2185B7755004F503A /* TLSFileOutputStream+Protected.h */,
				8B31CD2D1858DB9F008B0BF1 /* TLSRollingFileOutputStream.h */,
				8B31CD2E1858DB9F008B0BF1 /* TLSRollingFileOutputStream.m */,
			);
			name = "Output Streams";
			sourceTree = "<group>";
		};
		8B7DB1461869EC2600999DA0 /* ExampleLogger */ = {
			isa = PBXGroup;
			children = (
				8B7DB1551869EC2600999DA0 /* ExampleAppConsoleViewController.h */,
				8B7DB1561869EC2600999DA0 /* ExampleAppConsoleViewController.m */,
				8B7DB14F1869EC2600999DA0 /* ExampleAppDelegate.h */,
				8B7DB1501869EC2600999DA0 /* ExampleAppDelegate.m */,
				8B7DB1781869ED9E00999DA0 /* ExampleConfigureViewController.h */,
				8B7DB1791869ED9E00999DA0 /* ExampleConfigureViewController.m */,
				8B7DB1581869EC2600999DA0 /* ExampleMakeLogsViewController.h */,
				8B7DB1591869EC2600999DA0 /* ExampleMakeLogsViewController.m */,
				8B7DB1811869F01600999DA0 /* ExampleTextView.h */,
				8B7DB1821869F01600999DA0 /* ExampleTextView.m */,
				8B7DB15B1869EC2600999DA0 /* Images.xcassets */,
				8B7DB1471869EC2600999DA0 /* Supporting Files */,
				8B7DB17E1869EF5700999DA0 /* TLSLoggingService+ExampleAdditions.h */,
				8B7DB17F1869EF5700999DA0 /* TLSLoggingService+ExampleAdditions.m */,
			);
			path = ExampleLogger;
			sourceTree = "<group>";
		};
		8B7DB1471869EC2600999DA0 /* Supporting Files */ = {
			isa = PBXGroup;
			children = (
				8B7DB1481869EC2600999DA0 /* ExampleLogger-Info.plist */,
				8B7DB1491869EC2600999DA0 /* InfoPlist.strings */,
				8B7DB14C1869EC2600999DA0 /* main.m */,
			);
			name = "Supporting Files";
			sourceTree = "<group>";
		};
		8BEA3B1F1C73A4B6003CB57F /* Framework Support */ = {
			isa = PBXGroup;
			children = (
				8BEA3B201C73A4CD003CB57F /* Info.plist */,
			);
			name = "Framework Support";
			sourceTree = "<group>";
		};
		B3B9E9F41C3AE77200B8A451 /* Resources */ = {
			isa = PBXGroup;
			children = (
				3D82FF9A1E8DAD5400D01B05 /* Build Configurations */,
				B3B9E9F51C3AE7AB00B8A451 /* module.modulemap */,
			);
			path = Resources;
			sourceTree = "<group>";
		};
/* End PBXGroup section */

/* Begin PBXHeadersBuildPhase section */
		8B897CFB1863BF6300359106 /* Headers */ = {
			isa = PBXHeadersBuildPhase;
			buildActionMask = 2147483647;
			files = (
				8B897D061863BF7600359106 /* TLSProtocols.h in Headers */,
				8B897D041863BF7600359106 /* TLSLoggingService.h in Headers */,
				8B897D031863BF7600359106 /* TLSLoggingService+Advanced.h in Headers */,
				8B897D001863BF7600359106 /* TwitterLoggingService.h in Headers */,
				8B897CFC1863BF7600359106 /* TLSConsoleOutputStreams.h in Headers */,
				8B897CFD1863BF7600359106 /* TLSCrashlyticsOutputStream.h in Headers */,
				8B897D051863BF7600359106 /* TLSDeclarations.h in Headers */,
				3DED5FE9194698ED00EDBD9A /* TLSFileOutputStream.h in Headers */,
				8B897D021863BF7600359106 /* TLSLog.h in Headers */,
				8B897CFE1863BF7600359106 /* TLSFileOutputStream+Protected.h in Headers */,
				8B897CFF1863BF7600359106 /* TLSRollingFileOutputStream.h in Headers */,
				B3B9E9FF1C3AEE5A00B8A451 /* module.modulemap in Headers */,
				8BA2E94E1CA4707700ADBC8E /* TLS_Project.h in Headers */,
			);
			runOnlyForDeploymentPostprocessing = 0;
		};
		B3E9D3B519CA3D2C00C43025 /* Headers */ = {
			isa = PBXHeadersBuildPhase;
			buildActionMask = 2147483647;
			files = (
				8BEA3B261C73A638003CB57F /* TwitterLoggingService.h in Headers */,
				B3E9D3DA19CA46E700C43025 /* TLSLog.h in Headers */,
				B3E9D3DD19CA473800C43025 /* TLSDeclarations.h in Headers */,
				B3E9D3DE19CA473C00C43025 /* TLSProtocols.h in Headers */,
				B3E9D3DC19CA473300C43025 /* TLSLoggingService.h in Headers */,
				B3E9D3DB19CA472D00C43025 /* TLSLoggingService+Advanced.h in Headers */,
				B3E9D3D819CA46DC00C43025 /* TLSRollingFileOutputStream.h in Headers */,
				B3E9D3D419CA46B800C43025 /* TLSConsoleOutputStreams.h in Headers */,
				8BA2E94F1CA4707700ADBC8E /* TLS_Project.h in Headers */,
				B3E9D3D519CA46BF00C43025 /* TLSCrashlyticsOutputStream.h in Headers */,
				B3E9D3D719CA46CA00C43025 /* TLSFileOutputStream+Protected.h in Headers */,
				B3E9D3D619CA46C300C43025 /* TLSFileOutputStream.h in Headers */,
			);
			runOnlyForDeploymentPostprocessing = 0;
		};
		BF4A9F1A1EE214F1001647B5 /* Headers */ = {
			isa = PBXHeadersBuildPhase;
			buildActionMask = 2147483647;
			files = (
				BF4A9F381EE215C9001647B5 /* TLSLoggingService.h in Headers */,
				BF4A9F361EE215BE001647B5 /* TLSLog.h in Headers */,
				BF4A9F351EE215B8001647B5 /* TLSDeclarations.h in Headers */,
				BF4A9F3A1EE215D6001647B5 /* TLSProtocols.h in Headers */,
				BF4A9F391EE215D0001647B5 /* TLSLoggingService+Advanced.h in Headers */,
				BF4A9F411EE21737001647B5 /* TLSFileOutputStream+Protected.h in Headers */,
				BF4A9F341EE215B4001647B5 /* TLS_Project.h in Headers */,
				BF4A9F421EE21737001647B5 /* TLSRollingFileOutputStream.h in Headers */,
				BF4A9F471EE21DFC001647B5 /* TwitterLoggingService.h in Headers */,
				BF4A9F3F1EE21737001647B5 /* TLSCrashlyticsOutputStream.h in Headers */,
				BF4A9F3E1EE21737001647B5 /* TLSConsoleOutputStreams.h in Headers */,
				BF4A9F401EE21737001647B5 /* TLSFileOutputStream.h in Headers */,
			);
			runOnlyForDeploymentPostprocessing = 0;
		};
/* End PBXHeadersBuildPhase section */

/* Begin PBXNativeTarget section */
		8B31CCEE1858CBC6008B0BF1 /* TwitterLoggingService */ = {
			isa = PBXNativeTarget;
			buildConfigurationList = 8B31CD121858CBC6008B0BF1 /* Build configuration list for PBXNativeTarget "TwitterLoggingService" */;
			buildPhases = (
				8B31CCEB1858CBC6008B0BF1 /* Sources */,
				8B31CCEC1858CBC6008B0BF1 /* Frameworks */,
				8B897CFB1863BF6300359106 /* Headers */,
				8B31CCED1858CBC6008B0BF1 /* CopyFiles */,
			);
			buildRules = (
			);
			dependencies = (
			);
			name = TwitterLoggingService;
			productName = TwitterLoggingService;
			productReference = 8B31CCEF1858CBC6008B0BF1 /* libTwitterLoggingService.a */;
			productType = "com.apple.product-type.library.static";
		};
		8B31CCFE1858CBC6008B0BF1 /* TwitterLoggingServiceTests */ = {
			isa = PBXNativeTarget;
			buildConfigurationList = 8B31CD151858CBC6008B0BF1 /* Build configuration list for PBXNativeTarget "TwitterLoggingServiceTests" */;
			buildPhases = (
				8B31CCFB1858CBC6008B0BF1 /* Sources */,
				8B31CCFC1858CBC6008B0BF1 /* Frameworks */,
				8B31CCFD1858CBC6008B0BF1 /* Resources */,
			);
			buildRules = (
			);
			dependencies = (
				8B78F2991C63A62B000194DF /* PBXTargetDependency */,
			);
			name = TwitterLoggingServiceTests;
			productName = TwitterLoggingServiceTests;
			productReference = 8B31CCFF1858CBC6008B0BF1 /* TwitterLoggingServiceTests.xctest */;
			productType = "com.apple.product-type.bundle.unit-test";
		};
		8B7DB13F1869EC2600999DA0 /* ExampleLogger */ = {
			isa = PBXNativeTarget;
			buildConfigurationList = 8B7DB16F1869EC2600999DA0 /* Build configuration list for PBXNativeTarget "ExampleLogger" */;
			buildPhases = (
				8B7DB13C1869EC2600999DA0 /* Sources */,
				8B7DB13D1869EC2600999DA0 /* Frameworks */,
				8B7DB13E1869EC2600999DA0 /* Resources */,
			);
			buildRules = (
			);
			dependencies = (
				8B9C92901CEFA9C30052BA09 /* PBXTargetDependency */,
			);
			name = ExampleLogger;
			productName = ExampleLogger;
			productReference = 8B7DB1401869EC2600999DA0 /* ExampleLogger.app */;
			productType = "com.apple.product-type.application";
		};
		B3E9D3B719CA3D2C00C43025 /* TwitterLoggingService.framework */ = {
			isa = PBXNativeTarget;
			buildConfigurationList = B3E9D3CC19CA3D2C00C43025 /* Build configuration list for PBXNativeTarget "TwitterLoggingService.framework" */;
			buildPhases = (
				B3E9D3B319CA3D2C00C43025 /* Sources */,
				B3E9D3B419CA3D2C00C43025 /* Frameworks */,
				B3E9D3B519CA3D2C00C43025 /* Headers */,
				B3E9D3B619CA3D2C00C43025 /* Resources */,
			);
			buildRules = (
			);
			dependencies = (
			);
			name = TwitterLoggingService.framework;
			productName = TwitterLoggingService;
			productReference = B3E9D3B819CA3D2C00C43025 /* TwitterLoggingService.framework */;
			productType = "com.apple.product-type.framework";
		};
		BF4A9F1C1EE214F1001647B5 /* TwitterLoggingService.framework macOS */ = {
			isa = PBXNativeTarget;
			buildConfigurationList = BF4A9F2E1EE214F1001647B5 /* Build configuration list for PBXNativeTarget "TwitterLoggingService.framework macOS" */;
			buildPhases = (
				BF4A9F181EE214F1001647B5 /* Sources */,
				BF4A9F191EE214F1001647B5 /* Frameworks */,
				BF4A9F1A1EE214F1001647B5 /* Headers */,
				BF4A9F1B1EE214F1001647B5 /* Resources */,
			);
			buildRules = (
			);
			dependencies = (
			);
			name = "TwitterLoggingService.framework macOS";
			productName = OSXTwitterLoggingService.framework;
			productReference = BF4A9F1D1EE214F1001647B5 /* TwitterLoggingService.framework */;
			productType = "com.apple.product-type.framework";
		};
		BF4A9F241EE214F1001647B5 /* OSXTwitterLoggingServiceTests macOS */ = {
			isa = PBXNativeTarget;
			buildConfigurationList = BF4A9F311EE214F1001647B5 /* Build configuration list for PBXNativeTarget "OSXTwitterLoggingServiceTests macOS" */;
			buildPhases = (
				BF4A9F211EE214F1001647B5 /* Sources */,
				BF4A9F221EE214F1001647B5 /* Frameworks */,
				BF4A9F231EE214F1001647B5 /* Resources */,
			);
			buildRules = (
			);
			dependencies = (
				BF4A9F281EE214F1001647B5 /* PBXTargetDependency */,
			);
			name = "OSXTwitterLoggingServiceTests macOS";
			productName = OSXTwitterLoggingService.frameworkTests;
			productReference = BF4A9F251EE214F1001647B5 /* TwitterLoggingServiceTests.xctest */;
			productType = "com.apple.product-type.bundle.unit-test";
		};
/* End PBXNativeTarget section */

/* Begin PBXProject section */
		8B31CCE71858CBC6008B0BF1 /* Project object */ = {
			isa = PBXProject;
			attributes = {
				CLASSPREFIX = TLS;
				LastSwiftUpdateCheck = 0730;
				LastUpgradeCheck = 0910;
				ORGANIZATIONNAME = Twitter;
				TargetAttributes = {
					8B31CCFE1858CBC6008B0BF1 = {
						LastSwiftMigration = 0900;
						ProvisioningStyle = Manual;
						TestTargetID = 8B31CCEE1858CBC6008B0BF1;
					};
					8B7DB13F1869EC2600999DA0 = {
						ProvisioningStyle = Manual;
					};
					B3E9D3B719CA3D2C00C43025 = {
						CreatedOnToolsVersion = 6.0;
						LastSwiftMigration = 0900;
						ProvisioningStyle = Manual;
					};
					BF4A9F1C1EE214F1001647B5 = {
						CreatedOnToolsVersion = 8.3.2;
						ProvisioningStyle = Manual;
					};
					BF4A9F241EE214F1001647B5 = {
						CreatedOnToolsVersion = 8.3.2;
						DevelopmentTeam = N66CZ3Y3BX;
						ProvisioningStyle = Automatic;
					};
				};
			};
			buildConfigurationList = 8B31CCEA1858CBC6008B0BF1 /* Build configuration list for PBXProject "TwitterLoggingService" */;
			compatibilityVersion = "Xcode 3.2";
			developmentRegion = English;
			hasScannedForEncodings = 0;
			knownRegions = (
				en,
				Base,
			);
			mainGroup = 8B31CCE61858CBC6008B0BF1;
			productRefGroup = 8B31CCF01858CBC6008B0BF1 /* Products */;
			projectDirPath = "";
			projectRoot = "";
			targets = (
				8B31CCEE1858CBC6008B0BF1 /* TwitterLoggingService */,
				B3E9D3B719CA3D2C00C43025 /* TwitterLoggingService.framework */,
				8B31CCFE1858CBC6008B0BF1 /* TwitterLoggingServiceTests */,
				8B7DB13F1869EC2600999DA0 /* ExampleLogger */,
				BF4A9F1C1EE214F1001647B5 /* TwitterLoggingService.framework macOS */,
				BF4A9F241EE214F1001647B5 /* OSXTwitterLoggingServiceTests macOS */,
			);
		};
/* End PBXProject section */

/* Begin PBXResourcesBuildPhase section */
		8B31CCFD1858CBC6008B0BF1 /* Resources */ = {
			isa = PBXResourcesBuildPhase;
			buildActionMask = 2147483647;
			files = (
			);
			runOnlyForDeploymentPostprocessing = 0;
		};
		8B7DB13E1869EC2600999DA0 /* Resources */ = {
			isa = PBXResourcesBuildPhase;
			buildActionMask = 2147483647;
			files = (
				8B7DB15C1869EC2600999DA0 /* Images.xcassets in Resources */,
				8B7DB14B1869EC2600999DA0 /* InfoPlist.strings in Resources */,
			);
			runOnlyForDeploymentPostprocessing = 0;
		};
		B3E9D3B619CA3D2C00C43025 /* Resources */ = {
			isa = PBXResourcesBuildPhase;
			buildActionMask = 2147483647;
			files = (
			);
			runOnlyForDeploymentPostprocessing = 0;
		};
		BF4A9F1B1EE214F1001647B5 /* Resources */ = {
			isa = PBXResourcesBuildPhase;
			buildActionMask = 2147483647;
			files = (
			);
			runOnlyForDeploymentPostprocessing = 0;
		};
		BF4A9F231EE214F1001647B5 /* Resources */ = {
			isa = PBXResourcesBuildPhase;
			buildActionMask = 2147483647;
			files = (
			);
			runOnlyForDeploymentPostprocessing = 0;
		};
/* End PBXResourcesBuildPhase section */

/* Begin PBXSourcesBuildPhase section */
		8B31CCEB1858CBC6008B0BF1 /* Sources */ = {
			isa = PBXSourcesBuildPhase;
			buildActionMask = 2147483647;
			files = (
				8B31CD1B1858CCB1008B0BF1 /* TLSLoggingService.m in Sources */,
				8B31CD291858D1CF008B0BF1 /* TLSDeclarations.m in Sources */,
				8B31CD3D1858DDAA008B0BF1 /* TLSCrashlyticsOutputStream.m in Sources */,
				3DED5FEA194698ED00EDBD9A /* TLSFileOutputStream.m in Sources */,
				8B31CD2F1858DB9F008B0BF1 /* TLSRollingFileOutputStream.m in Sources */,
				8B31CD3A1858DC94008B0BF1 /* TLSConsoleOutputStreams.m in Sources */,
			);
			runOnlyForDeploymentPostprocessing = 0;
		};
		8B31CCFB1858CBC6008B0BF1 /* Sources */ = {
			isa = PBXSourcesBuildPhase;
			buildActionMask = 2147483647;
			files = (
				8BEA3B231C73A560003CB57F /* TLSLoggingSwiftTests.swift in Sources */,
				8BEA3B241C73A560003CB57F /* TLSLoggingTests.m in Sources */,
			);
			runOnlyForDeploymentPostprocessing = 0;
		};
		8B7DB13C1869EC2600999DA0 /* Sources */ = {
			isa = PBXSourcesBuildPhase;
			buildActionMask = 2147483647;
			files = (
				8B7DB14D1869EC2600999DA0 /* main.m in Sources */,
				8B7DB1801869EF5700999DA0 /* TLSLoggingService+ExampleAdditions.m in Sources */,
				8B7DB1511869EC2600999DA0 /* ExampleAppDelegate.m in Sources */,
				8B7DB17A1869ED9E00999DA0 /* ExampleConfigureViewController.m in Sources */,
				8B7DB1571869EC2600999DA0 /* ExampleAppConsoleViewController.m in Sources */,
				8B7DB1831869F01600999DA0 /* ExampleTextView.m in Sources */,
				8B7DB15A1869EC2600999DA0 /* ExampleMakeLogsViewController.m in Sources */,
			);
			runOnlyForDeploymentPostprocessing = 0;
		};
		B3E9D3B319CA3D2C00C43025 /* Sources */ = {
			isa = PBXSourcesBuildPhase;
			buildActionMask = 2147483647;
			files = (
				B3E9D3CE19CA461D00C43025 /* TLSConsoleOutputStreams.m in Sources */,
				B3E9D3D119CA463000C43025 /* TLSRollingFileOutputStream.m in Sources */,
				B3E9D3D019CA462B00C43025 /* TLSFileOutputStream.m in Sources */,
				B3E9D3D219CA463500C43025 /* TLSLoggingService.m in Sources */,
				B3E9D3CF19CA462700C43025 /* TLSCrashlyticsOutputStream.m in Sources */,
				B3E9D3D319CA463800C43025 /* TLSDeclarations.m in Sources */,
				8B78F2921C6311E5000194DF /* TLSLog.swift in Sources */,
			);
			runOnlyForDeploymentPostprocessing = 0;
		};
		BF4A9F181EE214F1001647B5 /* Sources */ = {
			isa = PBXSourcesBuildPhase;
			buildActionMask = 2147483647;
			files = (
				BF4A9F461EE21749001647B5 /* TLSRollingFileOutputStream.m in Sources */,
				BF4A9F451EE21749001647B5 /* TLSFileOutputStream.m in Sources */,
				BF4A9F441EE21749001647B5 /* TLSCrashlyticsOutputStream.m in Sources */,
				BF4A9F3D1EE21720001647B5 /* TLSLoggingService.m in Sources */,
				BF4A9F3C1EE21720001647B5 /* TLSDeclarations.m in Sources */,
				BF4A9F431EE21749001647B5 /* TLSConsoleOutputStreams.m in Sources */,
				BF4A9F371EE215C5001647B5 /* TLSLog.swift in Sources */,
			);
			runOnlyForDeploymentPostprocessing = 0;
		};
		BF4A9F211EE214F1001647B5 /* Sources */ = {
			isa = PBXSourcesBuildPhase;
			buildActionMask = 2147483647;
			files = (
				BF4A9F481EE5F733001647B5 /* TLSLoggingSwiftTests.swift in Sources */,
				BF82D3CF1EE6354B003B7B97 /* TLSLoggingTests.m in Sources */,
			);
			runOnlyForDeploymentPostprocessing = 0;
		};
/* End PBXSourcesBuildPhase section */

/* Begin PBXTargetDependency section */
		8B24E6131FB116C100F0EB45 /* PBXTargetDependency */ = {
			isa = PBXTargetDependency;
			target = 8B31CCEE1858CBC6008B0BF1 /* TwitterLoggingService */;
			targetProxy = 8B24E6121FB116C100F0EB45 /* PBXContainerItemProxy */;
		};
		8B78F2991C63A62B000194DF /* PBXTargetDependency */ = {
			isa = PBXTargetDependency;
			target = B3E9D3B719CA3D2C00C43025 /* TwitterLoggingService.framework */;
			targetProxy = 8B78F2981C63A62B000194DF /* PBXContainerItemProxy */;
		};
		BF4A9F281EE214F1001647B5 /* PBXTargetDependency */ = {
			isa = PBXTargetDependency;
			target = BF4A9F1C1EE214F1001647B5 /* TwitterLoggingService.framework macOS */;
			targetProxy = BF4A9F271EE214F1001647B5 /* PBXContainerItemProxy */;
		};
/* End PBXTargetDependency section */

/* Begin PBXVariantGroup section */
		8B7DB1491869EC2600999DA0 /* InfoPlist.strings */ = {
			isa = PBXVariantGroup;
			children = (
				8B7DB14A1869EC2600999DA0 /* en */,
			);
			name = InfoPlist.strings;
			sourceTree = "<group>";
		};
/* End PBXVariantGroup section */

/* Begin XCBuildConfiguration section */
		8B31CD101858CBC6008B0BF1 /* Debug */ = {
			isa = XCBuildConfiguration;
			buildSettings = {
				ALWAYS_SEARCH_USER_PATHS = NO;
				CLANG_CXX_LANGUAGE_STANDARD = "gnu++0x";
				CLANG_ENABLE_MODULES = YES;
				CLANG_ENABLE_OBJC_ARC = YES;
				CLANG_WARN_BLOCK_CAPTURE_AUTORELEASING = YES;
				CLANG_WARN_BOOL_CONVERSION = YES;
				CLANG_WARN_COMMA = YES;
				CLANG_WARN_CONSTANT_CONVERSION = YES;
				CLANG_WARN_DIRECT_OBJC_ISA_USAGE = YES_ERROR;
				CLANG_WARN_EMPTY_BODY = YES;
				CLANG_WARN_ENUM_CONVERSION = YES;
				CLANG_WARN_INFINITE_RECURSION = YES;
				CLANG_WARN_INT_CONVERSION = YES;
				CLANG_WARN_NON_LITERAL_NULL_CONVERSION = YES;
				CLANG_WARN_OBJC_LITERAL_CONVERSION = YES;
				CLANG_WARN_OBJC_ROOT_CLASS = YES_ERROR;
				CLANG_WARN_RANGE_LOOP_ANALYSIS = YES;
				CLANG_WARN_STRICT_PROTOTYPES = YES;
				CLANG_WARN_SUSPICIOUS_MOVE = YES;
				CLANG_WARN_UNREACHABLE_CODE = YES;
				CLANG_WARN__DUPLICATE_METHOD_MATCH = YES;
				CODE_SIGN_IDENTITY = "iPhone Developer";
				COPY_PHASE_STRIP = NO;
				CURRENT_PROJECT_VERSION = 2.5;
				DYLIB_COMPATIBILITY_VERSION = 2;
				DYLIB_CURRENT_VERSION = "$(CURRENT_PROJECT_VERSION)";
				ENABLE_BITCODE = NO;
				ENABLE_STRICT_OBJC_MSGSEND = YES;
				ENABLE_TESTABILITY = YES;
				GCC_C_LANGUAGE_STANDARD = gnu99;
				GCC_DYNAMIC_NO_PIC = NO;
				GCC_NO_COMMON_BLOCKS = YES;
				GCC_OPTIMIZATION_LEVEL = 0;
				GCC_PREPROCESSOR_DEFINITIONS = (
					"DEBUG=1",
					"$(inherited)",
				);
				GCC_SYMBOLS_PRIVATE_EXTERN = NO;
				GCC_WARN_64_TO_32_BIT_CONVERSION = YES;
				GCC_WARN_ABOUT_RETURN_TYPE = YES_ERROR;
				GCC_WARN_SHADOW = YES;
				GCC_WARN_UNDECLARED_SELECTOR = YES;
				GCC_WARN_UNINITIALIZED_AUTOS = YES;
				GCC_WARN_UNUSED_FUNCTION = YES;
				GCC_WARN_UNUSED_VARIABLE = YES;
				IPHONEOS_DEPLOYMENT_TARGET = 8.0;
				ONLY_ACTIVE_ARCH = YES;
				OTHER_LDFLAGS = "-ObjC";
				PUBLIC_HEADERS_FOLDER_PATH = include/TwitterLoggingService;
				SDKROOT = iphoneos;
				SWIFT_VERSION = 4.0;
				TARGETED_DEVICE_FAMILY = "1,2";
			};
			name = Debug;
		};
		8B31CD111858CBC6008B0BF1 /* Release */ = {
			isa = XCBuildConfiguration;
			buildSettings = {
				ALWAYS_SEARCH_USER_PATHS = NO;
				CLANG_CXX_LANGUAGE_STANDARD = "gnu++0x";
				CLANG_ENABLE_MODULES = YES;
				CLANG_ENABLE_OBJC_ARC = YES;
				CLANG_WARN_BLOCK_CAPTURE_AUTORELEASING = YES;
				CLANG_WARN_BOOL_CONVERSION = YES;
				CLANG_WARN_COMMA = YES;
				CLANG_WARN_CONSTANT_CONVERSION = YES;
				CLANG_WARN_DIRECT_OBJC_ISA_USAGE = YES_ERROR;
				CLANG_WARN_EMPTY_BODY = YES;
				CLANG_WARN_ENUM_CONVERSION = YES;
				CLANG_WARN_INFINITE_RECURSION = YES;
				CLANG_WARN_INT_CONVERSION = YES;
				CLANG_WARN_NON_LITERAL_NULL_CONVERSION = YES;
				CLANG_WARN_OBJC_LITERAL_CONVERSION = YES;
				CLANG_WARN_OBJC_ROOT_CLASS = YES_ERROR;
				CLANG_WARN_RANGE_LOOP_ANALYSIS = YES;
				CLANG_WARN_STRICT_PROTOTYPES = YES;
				CLANG_WARN_SUSPICIOUS_MOVE = YES;
				CLANG_WARN_UNREACHABLE_CODE = YES;
				CLANG_WARN__DUPLICATE_METHOD_MATCH = YES;
				COPY_PHASE_STRIP = YES;
				CURRENT_PROJECT_VERSION = 2.5;
				DYLIB_COMPATIBILITY_VERSION = 2;
				DYLIB_CURRENT_VERSION = "$(CURRENT_PROJECT_VERSION)";
				ENABLE_BITCODE = NO;
				ENABLE_NS_ASSERTIONS = NO;
				ENABLE_STRICT_OBJC_MSGSEND = YES;
				GCC_C_LANGUAGE_STANDARD = gnu99;
				GCC_NO_COMMON_BLOCKS = YES;
				GCC_PREPROCESSOR_DEFINITIONS = (
					"RELEASE=1",
					"$(inherited)",
				);
				GCC_WARN_64_TO_32_BIT_CONVERSION = YES;
				GCC_WARN_ABOUT_RETURN_TYPE = YES_ERROR;
				GCC_WARN_SHADOW = YES;
				GCC_WARN_UNDECLARED_SELECTOR = YES;
				GCC_WARN_UNINITIALIZED_AUTOS = YES;
				GCC_WARN_UNUSED_FUNCTION = YES;
				GCC_WARN_UNUSED_VARIABLE = YES;
				OTHER_LDFLAGS = "-ObjC";
				PUBLIC_HEADERS_FOLDER_PATH = include/TwitterLoggingService;
				SDKROOT = iphoneos;
				SWIFT_OPTIMIZATION_LEVEL = "-Owholemodule";
				SWIFT_VERSION = 4.0;
				TARGETED_DEVICE_FAMILY = "1,2";
				VALIDATE_PRODUCT = YES;
			};
			name = Release;
		};
		8B31CD131858CBC6008B0BF1 /* Debug */ = {
			isa = XCBuildConfiguration;
			baseConfigurationReference = 3D82FF9D1E8DB3DC00D01B05 /* TwitterLoggingServiceLibrary.xcconfig */;
			buildSettings = {
				APPLICATION_EXTENSION_API_ONLY = YES;
				CLANG_ENABLE_MODULES = YES;
				DSTROOT = "/tmp/${PRODUCT_NAME}.dst";
				IPHONEOS_DEPLOYMENT_TARGET = 6.0;
				LD_RUNPATH_SEARCH_PATHS = "$(inherited) @executable_path/Frameworks @loader_path/Frameworks";
				PRODUCT_NAME = TwitterLoggingService;
				PUBLIC_HEADERS_FOLDER_PATH = "include/${PRODUCT_NAME}";
				RUN_CLANG_STATIC_ANALYZER = "$(RUN_CLANG_STATIC_ANALYZER_FOR_$(PRODUCT_NAME))";
				SKIP_INSTALL = YES;
				SWIFT_OPTIMIZATION_LEVEL = "-Onone";
			};
			name = Debug;
		};
		8B31CD141858CBC6008B0BF1 /* Release */ = {
			isa = XCBuildConfiguration;
			baseConfigurationReference = 3D82FF9D1E8DB3DC00D01B05 /* TwitterLoggingServiceLibrary.xcconfig */;
			buildSettings = {
				APPLICATION_EXTENSION_API_ONLY = YES;
				CLANG_ENABLE_MODULES = YES;
				DSTROOT = "/tmp/${PRODUCT_NAME}.dst";
				IPHONEOS_DEPLOYMENT_TARGET = 6.0;
				LD_RUNPATH_SEARCH_PATHS = "$(inherited) @executable_path/Frameworks @loader_path/Frameworks";
				PRODUCT_NAME = TwitterLoggingService;
				PUBLIC_HEADERS_FOLDER_PATH = "include/${PRODUCT_NAME}";
				RUN_CLANG_STATIC_ANALYZER = "$(RUN_CLANG_STATIC_ANALYZER_FOR_$(PRODUCT_NAME))";
				SKIP_INSTALL = YES;
			};
			name = Release;
		};
		8B31CD161858CBC6008B0BF1 /* Debug */ = {
			isa = XCBuildConfiguration;
			baseConfigurationReference = 3D82FF9B1E8DB3DC00D01B05 /* TwitterLoggingServiceTests.xcconfig */;
			buildSettings = {
				ALWAYS_EMBED_SWIFT_STANDARD_LIBRARIES = YES;
				CLANG_ENABLE_MODULES = YES;
				DEBUG_INFORMATION_FORMAT = dwarf;
				INFOPLIST_FILE = "${PRODUCT_NAME}/${PRODUCT_NAME}-Info.plist";
				LD_RUNPATH_SEARCH_PATHS = "$(inherited) @executable_path/Frameworks @loader_path/Frameworks";
				PRODUCT_BUNDLE_IDENTIFIER = "com.twitter.${PRODUCT_NAME:rfc1034identifier}";
				PRODUCT_NAME = TwitterLoggingServiceTests;
				SWIFT_OBJC_BRIDGING_HEADER = "${PRODUCT_NAME}/${PRODUCT_NAME}-Bridging-Header.h";
				SWIFT_OPTIMIZATION_LEVEL = "-Onone";
				SWIFT_SWIFT3_OBJC_INFERENCE = Default;
				WRAPPER_EXTENSION = xctest;
			};
			name = Debug;
		};
		8B31CD171858CBC6008B0BF1 /* Release */ = {
			isa = XCBuildConfiguration;
			baseConfigurationReference = 3D82FF9B1E8DB3DC00D01B05 /* TwitterLoggingServiceTests.xcconfig */;
			buildSettings = {
				ALWAYS_EMBED_SWIFT_STANDARD_LIBRARIES = YES;
				CLANG_ENABLE_MODULES = YES;
				DEBUG_INFORMATION_FORMAT = dwarf;
				INFOPLIST_FILE = "${PRODUCT_NAME}/${PRODUCT_NAME}-Info.plist";
				LD_RUNPATH_SEARCH_PATHS = "$(inherited) @executable_path/Frameworks @loader_path/Frameworks";
				ONLY_ACTIVE_ARCH = YES;
				PRODUCT_BUNDLE_IDENTIFIER = "com.twitter.${PRODUCT_NAME:rfc1034identifier}";
				PRODUCT_NAME = TwitterLoggingServiceTests;
				SWIFT_OBJC_BRIDGING_HEADER = "${PRODUCT_NAME}/${PRODUCT_NAME}-Bridging-Header.h";
				SWIFT_SWIFT3_OBJC_INFERENCE = Default;
				WRAPPER_EXTENSION = xctest;
			};
			name = Release;
		};
		8B7DB1701869EC2600999DA0 /* Debug */ = {
			isa = XCBuildConfiguration;
			baseConfigurationReference = 3D82FF9C1E8DB3DC00D01B05 /* ExampleLogger.xcconfig */;
			buildSettings = {
				ALWAYS_EMBED_SWIFT_STANDARD_LIBRARIES = YES;
				ALWAYS_SEARCH_USER_PATHS = NO;
				ASSETCATALOG_COMPILER_APPICON_NAME = AppIcon;
				ASSETCATALOG_COMPILER_LAUNCHIMAGE_NAME = LaunchImage;
				"CODE_SIGN_IDENTITY[sdk=iphoneos*]" = "iPhone Developer";
				GCC_PREPROCESSOR_DEFINITIONS = "$(inherited)";
				INFOPLIST_FILE = "ExampleLogger/ExampleLogger-Info.plist";
				IPHONEOS_DEPLOYMENT_TARGET = 8.0;
				PRODUCT_BUNDLE_IDENTIFIER = "com.twitter.${PRODUCT_NAME:rfc1034identifier}";
				PRODUCT_NAME = "$(TARGET_NAME)";
				WRAPPER_EXTENSION = app;
			};
			name = Debug;
		};
		8B7DB1711869EC2600999DA0 /* Release */ = {
			isa = XCBuildConfiguration;
			baseConfigurationReference = 3D82FF9C1E8DB3DC00D01B05 /* ExampleLogger.xcconfig */;
			buildSettings = {
				ALWAYS_EMBED_SWIFT_STANDARD_LIBRARIES = YES;
				ALWAYS_SEARCH_USER_PATHS = NO;
				ASSETCATALOG_COMPILER_APPICON_NAME = AppIcon;
				ASSETCATALOG_COMPILER_LAUNCHIMAGE_NAME = LaunchImage;
				INFOPLIST_FILE = "ExampleLogger/ExampleLogger-Info.plist";
				IPHONEOS_DEPLOYMENT_TARGET = 8.0;
				ONLY_ACTIVE_ARCH = YES;
				PRODUCT_BUNDLE_IDENTIFIER = "com.twitter.${PRODUCT_NAME:rfc1034identifier}";
				PRODUCT_NAME = "$(TARGET_NAME)";
				WRAPPER_EXTENSION = app;
			};
			name = Release;
		};
		B3E9D3C819CA3D2C00C43025 /* Debug */ = {
			isa = XCBuildConfiguration;
			baseConfigurationReference = 3D82FF9E1E8DB3DC00D01B05 /* TwitterLoggingService.framework.xcconfig */;
			buildSettings = {
				APPLICATION_EXTENSION_API_ONLY = YES;
				CLANG_ENABLE_MODULES = YES;
				CLANG_WARN_UNREACHABLE_CODE = YES;
				DEBUG_INFORMATION_FORMAT = dwarf;
				DEFINES_MODULE = YES;
				DYLIB_INSTALL_NAME_BASE = "@rpath";
				ENABLE_STRICT_OBJC_MSGSEND = YES;
				GCC_WARN_UNINITIALIZED_AUTOS = YES_AGGRESSIVE;
				INFOPLIST_FILE = "${PRODUCT_NAME}/Info.plist";
				INSTALL_PATH = "$(LOCAL_LIBRARY_DIR)/Frameworks";
				LD_RUNPATH_SEARCH_PATHS = "$(inherited) @executable_path/Frameworks @loader_path/Frameworks";
				MTL_ENABLE_DEBUG_INFO = YES;
				PRODUCT_BUNDLE_IDENTIFIER = "com.twitter.$(PRODUCT_NAME:rfc1034identifier)";
				PRODUCT_NAME = TwitterLoggingService;
				PUBLIC_HEADERS_FOLDER_PATH = "${PRODUCT_NAME}.framework/Headers";
				RUN_CLANG_STATIC_ANALYZER = "$(RUN_CLANG_STATIC_ANALYZER_FOR_$(PRODUCT_NAME))";
				SKIP_INSTALL = YES;
				SWIFT_OPTIMIZATION_LEVEL = "-Onone";
				SWIFT_SWIFT3_OBJC_INFERENCE = Default;
				VERSIONING_SYSTEM = "apple-generic";
				VERSION_INFO_PREFIX = "";
			};
			name = Debug;
		};
		B3E9D3C919CA3D2C00C43025 /* Release */ = {
			isa = XCBuildConfiguration;
			baseConfigurationReference = 3D82FF9E1E8DB3DC00D01B05 /* TwitterLoggingService.framework.xcconfig */;
			buildSettings = {
				APPLICATION_EXTENSION_API_ONLY = YES;
				CLANG_ENABLE_MODULES = YES;
				CLANG_WARN_UNREACHABLE_CODE = YES;
				DEFINES_MODULE = YES;
				DYLIB_INSTALL_NAME_BASE = "@rpath";
				ENABLE_STRICT_OBJC_MSGSEND = YES;
				GCC_WARN_UNINITIALIZED_AUTOS = YES_AGGRESSIVE;
				INFOPLIST_FILE = "${PRODUCT_NAME}/Info.plist";
				INSTALL_PATH = "$(LOCAL_LIBRARY_DIR)/Frameworks";
				LD_RUNPATH_SEARCH_PATHS = "$(inherited) @executable_path/Frameworks @loader_path/Frameworks";
				MTL_ENABLE_DEBUG_INFO = NO;
				PRODUCT_BUNDLE_IDENTIFIER = "com.twitter.$(PRODUCT_NAME:rfc1034identifier)";
				PRODUCT_NAME = TwitterLoggingService;
				PUBLIC_HEADERS_FOLDER_PATH = "${PRODUCT_NAME}.framework/Headers";
				RUN_CLANG_STATIC_ANALYZER = "$(RUN_CLANG_STATIC_ANALYZER_FOR_$(PRODUCT_NAME))";
				SKIP_INSTALL = YES;
				SWIFT_SWIFT3_OBJC_INFERENCE = Default;
				VERSIONING_SYSTEM = "apple-generic";
				VERSION_INFO_PREFIX = "";
			};
			name = Release;
		};
		BF4A9F2F1EE214F1001647B5 /* Debug */ = {
			isa = XCBuildConfiguration;
			baseConfigurationReference = 3D82FF9E1E8DB3DC00D01B05 /* TwitterLoggingService.framework.xcconfig */;
			buildSettings = {
				APPLICATION_EXTENSION_API_ONLY = YES;
				CLANG_ANALYZER_NONNULL = YES_NONAGGRESSIVE;
				CLANG_ANALYZER_NUMBER_OBJECT_CONVERSION = YES;
				CLANG_CXX_LIBRARY = "libc++";
				CLANG_WARN_DOCUMENTATION_COMMENTS = YES;
				CODE_SIGN_IDENTITY = "-";
				COMBINE_HIDPI_IMAGES = YES;
				CURRENT_PROJECT_VERSION = 2.5;
				DEBUG_INFORMATION_FORMAT = dwarf;
				DEFINES_MODULE = YES;
				DEVELOPMENT_TEAM = "";
				DYLIB_COMPATIBILITY_VERSION = 2;
				DYLIB_CURRENT_VERSION = 2.5;
				DYLIB_INSTALL_NAME_BASE = "@rpath";
				FRAMEWORK_VERSION = A;
				GCC_WARN_UNINITIALIZED_AUTOS = YES_AGGRESSIVE;
				INFOPLIST_FILE = "${PRODUCT_NAME}/Info.plist";
				INSTALL_PATH = "$(LOCAL_LIBRARY_DIR)/Frameworks";
				LD_RUNPATH_SEARCH_PATHS = "$(inherited) @executable_path/../Frameworks @loader_path/Frameworks";
				MACOSX_DEPLOYMENT_TARGET = 10.10;
				MTL_ENABLE_DEBUG_INFO = YES;
				PRODUCT_BUNDLE_IDENTIFIER = com.twitter.TwitterLoggingService;
				PRODUCT_NAME = TwitterLoggingService;
				PROVISIONING_PROFILE_SPECIFIER = "";
				PUBLIC_HEADERS_FOLDER_PATH = "$(CONTENTS_FOLDER_PATH)/Headers";
				SDKROOT = macosx;
				SKIP_INSTALL = YES;
				SWIFT_OPTIMIZATION_LEVEL = "-Onone";
				VERSIONING_SYSTEM = "apple-generic";
				VERSION_INFO_PREFIX = "";
			};
			name = Debug;
		};
		BF4A9F301EE214F1001647B5 /* Release */ = {
			isa = XCBuildConfiguration;
			baseConfigurationReference = 3D82FF9E1E8DB3DC00D01B05 /* TwitterLoggingService.framework.xcconfig */;
			buildSettings = {
				APPLICATION_EXTENSION_API_ONLY = YES;
				CLANG_ANALYZER_NONNULL = YES_NONAGGRESSIVE;
				CLANG_ANALYZER_NUMBER_OBJECT_CONVERSION = YES;
				CLANG_CXX_LIBRARY = "libc++";
				CLANG_WARN_DOCUMENTATION_COMMENTS = YES;
				CODE_SIGN_IDENTITY = "-";
				COMBINE_HIDPI_IMAGES = YES;
				COPY_PHASE_STRIP = NO;
				CURRENT_PROJECT_VERSION = 2.5;
				DEBUG_INFORMATION_FORMAT = "dwarf-with-dsym";
				DEFINES_MODULE = YES;
				DEVELOPMENT_TEAM = "";
				DYLIB_COMPATIBILITY_VERSION = 2;
				DYLIB_CURRENT_VERSION = 2.5;
				DYLIB_INSTALL_NAME_BASE = "@rpath";
				FRAMEWORK_VERSION = A;
				GCC_WARN_UNINITIALIZED_AUTOS = YES_AGGRESSIVE;
				INFOPLIST_FILE = "${PRODUCT_NAME}/Info.plist";
				INSTALL_PATH = "$(LOCAL_LIBRARY_DIR)/Frameworks";
				LD_RUNPATH_SEARCH_PATHS = "$(inherited) @executable_path/../Frameworks @loader_path/Frameworks";
				MACOSX_DEPLOYMENT_TARGET = 10.10;
				MTL_ENABLE_DEBUG_INFO = NO;
				PRODUCT_BUNDLE_IDENTIFIER = com.twitter.TwitterLoggingService;
				PRODUCT_NAME = TwitterLoggingService;
				PROVISIONING_PROFILE_SPECIFIER = "";
				PUBLIC_HEADERS_FOLDER_PATH = "$(CONTENTS_FOLDER_PATH)/Headers";
				SDKROOT = macosx;
				SKIP_INSTALL = YES;
				VERSIONING_SYSTEM = "apple-generic";
				VERSION_INFO_PREFIX = "";
			};
			name = Release;
		};
		BF4A9F321EE214F1001647B5 /* Debug */ = {
			isa = XCBuildConfiguration;
			buildSettings = {
				ALWAYS_EMBED_SWIFT_STANDARD_LIBRARIES = YES;
				CLANG_ANALYZER_NONNULL = YES;
				CLANG_ANALYZER_NUMBER_OBJECT_CONVERSION = YES_AGGRESSIVE;
				CLANG_CXX_LIBRARY = "libc++";
				CLANG_WARN_DOCUMENTATION_COMMENTS = YES;
				CODE_SIGN_IDENTITY = "-";
				COMBINE_HIDPI_IMAGES = YES;
				DEBUG_INFORMATION_FORMAT = dwarf;
				DEVELOPMENT_TEAM = N66CZ3Y3BX;
				GCC_WARN_UNINITIALIZED_AUTOS = YES_AGGRESSIVE;
				INFOPLIST_FILE = "${PRODUCT_NAME}/${PRODUCT_NAME}-Info.plist";
				LD_RUNPATH_SEARCH_PATHS = "$(inherited) @executable_path/../Frameworks @loader_path/../Frameworks";
				MACOSX_DEPLOYMENT_TARGET = 10.12;
				MTL_ENABLE_DEBUG_INFO = YES;
				PRODUCT_BUNDLE_IDENTIFIER = "com.twitter.TwitterLoggingService.OSXTwitterLoggingService-frameworkTests";
				PRODUCT_NAME = TwitterLoggingServiceTests;
				SDKROOT = macosx;
			};
			name = Debug;
		};
		BF4A9F331EE214F1001647B5 /* Release */ = {
			isa = XCBuildConfiguration;
			buildSettings = {
				ALWAYS_EMBED_SWIFT_STANDARD_LIBRARIES = YES;
				CLANG_ANALYZER_NONNULL = YES;
				CLANG_ANALYZER_NUMBER_OBJECT_CONVERSION = YES_AGGRESSIVE;
				CLANG_CXX_LIBRARY = "libc++";
				CLANG_WARN_DOCUMENTATION_COMMENTS = YES;
				CODE_SIGN_IDENTITY = "-";
				COMBINE_HIDPI_IMAGES = YES;
				COPY_PHASE_STRIP = NO;
				DEBUG_INFORMATION_FORMAT = "dwarf-with-dsym";
				DEVELOPMENT_TEAM = N66CZ3Y3BX;
				GCC_WARN_UNINITIALIZED_AUTOS = YES_AGGRESSIVE;
				INFOPLIST_FILE = "${PRODUCT_NAME}/${PRODUCT_NAME}-Info.plist";
				LD_RUNPATH_SEARCH_PATHS = "$(inherited) @executable_path/../Frameworks @loader_path/../Frameworks";
				MACOSX_DEPLOYMENT_TARGET = 10.12;
				MTL_ENABLE_DEBUG_INFO = NO;
				PRODUCT_BUNDLE_IDENTIFIER = "com.twitter.TwitterLoggingService.OSXTwitterLoggingService-frameworkTests";
				PRODUCT_NAME = TwitterLoggingServiceTests;
				SDKROOT = macosx;
			};
			name = Release;
		};
/* End XCBuildConfiguration section */

/* Begin XCConfigurationList section */
		8B31CCEA1858CBC6008B0BF1 /* Build configuration list for PBXProject "TwitterLoggingService" */ = {
			isa = XCConfigurationList;
			buildConfigurations = (
				8B31CD101858CBC6008B0BF1 /* Debug */,
				8B31CD111858CBC6008B0BF1 /* Release */,
			);
			defaultConfigurationIsVisible = 0;
			defaultConfigurationName = Release;
		};
		8B31CD121858CBC6008B0BF1 /* Build configuration list for PBXNativeTarget "TwitterLoggingService" */ = {
			isa = XCConfigurationList;
			buildConfigurations = (
				8B31CD131858CBC6008B0BF1 /* Debug */,
				8B31CD141858CBC6008B0BF1 /* Release */,
			);
			defaultConfigurationIsVisible = 0;
			defaultConfigurationName = Release;
		};
		8B31CD151858CBC6008B0BF1 /* Build configuration list for PBXNativeTarget "TwitterLoggingServiceTests" */ = {
			isa = XCConfigurationList;
			buildConfigurations = (
				8B31CD161858CBC6008B0BF1 /* Debug */,
				8B31CD171858CBC6008B0BF1 /* Release */,
			);
			defaultConfigurationIsVisible = 0;
			defaultConfigurationName = Release;
		};
		8B7DB16F1869EC2600999DA0 /* Build configuration list for PBXNativeTarget "ExampleLogger" */ = {
			isa = XCConfigurationList;
			buildConfigurations = (
				8B7DB1701869EC2600999DA0 /* Debug */,
				8B7DB1711869EC2600999DA0 /* Release */,
			);
			defaultConfigurationIsVisible = 0;
			defaultConfigurationName = Release;
		};
		B3E9D3CC19CA3D2C00C43025 /* Build configuration list for PBXNativeTarget "TwitterLoggingService.framework" */ = {
			isa = XCConfigurationList;
			buildConfigurations = (
				B3E9D3C819CA3D2C00C43025 /* Debug */,
				B3E9D3C919CA3D2C00C43025 /* Release */,
			);
			defaultConfigurationIsVisible = 0;
			defaultConfigurationName = Release;
		};
		BF4A9F2E1EE214F1001647B5 /* Build configuration list for PBXNativeTarget "TwitterLoggingService.framework macOS" */ = {
			isa = XCConfigurationList;
			buildConfigurations = (
				BF4A9F2F1EE214F1001647B5 /* Debug */,
				BF4A9F301EE214F1001647B5 /* Release */,
			);
			defaultConfigurationIsVisible = 0;
			defaultConfigurationName = Release;
		};
		BF4A9F311EE214F1001647B5 /* Build configuration list for PBXNativeTarget "OSXTwitterLoggingServiceTests macOS" */ = {
			isa = XCConfigurationList;
			buildConfigurations = (
				BF4A9F321EE214F1001647B5 /* Debug */,
				BF4A9F331EE214F1001647B5 /* Release */,
			);
			defaultConfigurationIsVisible = 0;
			defaultConfigurationName = Release;
		};
/* End XCConfigurationList section */
	};
	rootObject = 8B31CCE71858CBC6008B0BF1 /* Project object */;
}
